
Microsoft Visual Studio Solution File, Format Version 12.00
# Visual Studio 15
VisualStudioVersion = 15.0.27130.2036
MinimumVisualStudioVersion = 10.0.40219.1
Project("{FAE04EC0-301F-11D3-BF4B-00C04F79EFBC}") = "Bezel8PlusApp", "Bezel8PlusApp\Bezel8PlusApp.csproj", "{102ABC6A-9B09-4602-A0C3-A73F3C8630C8}"
EndProject
Project("{54435603-DBB4-11D2-8724-00A0C9A8B90C}") = "Setup", "Setup\Setup.vdproj", "{764D66A5-44BB-4615-AC5E-A9FC2994A052}"
EndProject
Global
	GlobalSection(SolutionConfigurationPlatforms) = preSolution
		Debug|Any CPU = Debug|Any CPU
		Debug|x86 = Debug|x86
		Release|Any CPU = Release|Any CPU
		Release|x86 = Release|x86
	EndGlobalSection
	GlobalSection(ProjectConfigurationPlatforms) = postSolution
		{102ABC6A-9B09-4602-A0C3-A73F3C8630C8}.Debug|Any CPU.ActiveCfg = Debug|Any CPU
		{102ABC6A-9B09-4602-A0C3-A73F3C8630C8}.Debug|Any CPU.Build.0 = Debug|Any CPU
		{102ABC6A-9B09-4602-A0C3-A73F3C8630C8}.Debug|x86.ActiveCfg = Debug|Any CPU
		{102ABC6A-9B09-4602-A0C3-A73F3C8630C8}.Debug|x86.Build.0 = Debug|Any CPU
		{102ABC6A-9B09-4602-A0C3-A73F3C8630C8}.Release|Any CPU.ActiveCfg = Release|Any CPU
		{102ABC6A-9B09-4602-A0C3-A73F3C8630C8}.Release|Any CPU.Build.0 = Release|Any CPU
		{102ABC6A-9B09-4602-A0C3-A73F3C8630C8}.Release|x86.ActiveCfg = Release|Any CPU
		{102ABC6A-9B09-4602-A0C3-A73F3C8630C8}.Release|x86.Build.0 = Release|Any CPU
		{764D66A5-44BB-4615-AC5E-A9FC2994A052}.Debug|Any CPU.ActiveCfg = Debug
		{764D66A5-44BB-4615-AC5E-A9FC2994A052}.Debug|x86.ActiveCfg = Debug
		{764D66A5-44BB-4615-AC5E-A9FC2994A052}.Release|Any CPU.ActiveCfg = Release
		{764D66A5-44BB-4615-AC5E-A9FC2994A052}.Release|x86.ActiveCfg = Release
	EndGlobalSection
	GlobalSection(SolutionProperties) = preSolution
		HideSolutionNode = FALSE
	EndGlobalSection
	GlobalSection(ExtensibilityGlobals) = postSolution
		SolutionGuid = {76422335-35F5-4515-9A93-8C26D35F3E08}
	EndGlobalSection
EndGlobal
